{
  "name": "18_7",
  "version": "1.0.0",
  "lockfileVersion": 3,
  "requires": true,
  "packages": {
    "": {
      "name": "18_7",
      "version": "1.0.0",
      "license": "ISC",
      "dependencies": {
        "@openrouter/agent": "^0.7.2",
        "dotenv": "^17.4.2",
        "zod": "^4.4.3"
      }
    },
    "node_modules/@openrouter/agent": {
      "version": "0.7.2",
      "resolved": "https://registry.npmjs.org/@openrouter/agent/-/agent-0.7.2.tgz",
      "integrity": "sha512-G3Rp4iPKP7RQSJ+k7ea2+fDOJXUhsZNmiKoz8Ddlo7fY9KDdNiP4xKA0IA/9Y27FJjb2kagHvP9Dw2ycEwlzmA==",
      "license": "Apache-2.0",
      "dependencies": {
        "@openrouter/sdk": "^0.13.7",
        "zod": "^4.0.0"
      }
    },
    "node_modules/@openrouter/sdk": {
      "version": "0.13.65",
      "resolved": "https://registry.npmjs.org/@openrouter/sdk/-/sdk-0.13.65.tgz",
      "integrity": "sha512-ZwVrBzLSfbBpeXxu7Xo9X0kJY9i8dm5E2iVpV5jU40e6yeMfsfa9ZfQy6zewNw/s2X3UgXQvyLLMPrzyeWKH4Q==",
      "hasInstallScript": true,
      "license": "Apache-2.0",
      "dependencies": {
        "zod": "^3.25.0 || ^4.0.0"
      }
    },
    "node_modules/dotenv": {
      "version": "17.4.2",
      "resolved": "https://registry.npmjs.org/dotenv/-/dotenv-17.4.2.tgz",
      "integrity": "sha512-nI4U3TottKAcAD9LLud4Cb7b2QztQMUEfHbvhTH09bqXTxnSie8WnjPALV/WMCrJZ6UV/qHJ6L03OqO3LcdYZw==",
      "license": "BSD-2-Clause",
      "engines": {
        "node": ">=12"
      },
      "funding": {
        "url": "https://dotenvx.com"
      }
    },
    "node_modules/zod": {
      "version": "4.4.3",
      "resolved": "https://registry.npmjs.org/zod/-/zod-4.4.3.tgz",
      "integrity": "sha512-ytENFjIJFl2UwYglde2jchW2Hwm4GJFLDiSXWdTrJQBIN9Fcyp7n4DhxJEiWNAJMV1/BqWfW/kkg71UDcHJyTQ==",
      "license": "MIT",
      "funding": {
        "url": "https://github.com/sponsors/colinhacks"
      }
    }
  }
}
